
Microsoft Visual Studio Solution File, Format Version 12.00
# Visual Studio 2012
Project("{262852C6-CD72-467D-83FE-5EEB1973A190}") = "Fanatic", "Fanatic\Fanatic.jsproj", "{AAA4143A-79FC-455A-9A58-D240CD51DACE}"
EndProject
Global
	GlobalSection(SolutionConfigurationPlatforms) = preSolution
		Debug|Any CPU = Debug|Any CPU
		Debug|ARM = Debug|ARM
		Debug|x64 = Debug|x64
		Debug|x86 = Debug|x86
		Release|Any CPU = Release|Any CPU
		Release|ARM = Release|ARM
		Release|x64 = Release|x64
		Release|x86 = Release|x86
	EndGlobalSection
	GlobalSection(ProjectConfigurationPlatforms) = postSolution
		{AAA4143A-79FC-455A-9A58-D240CD51DACE}.Debug|Any CPU.ActiveCfg = Debug|Any CPU
		{AAA4143A-79FC-455A-9A58-D240CD51DACE}.Debug|Any CPU.Build.0 = Debug|Any CPU
		{AAA4143A-79FC-455A-9A58-D240CD51DACE}.Debug|Any CPU.Deploy.0 = Debug|Any CPU
		{AAA4143A-79FC-455A-9A58-D240CD51DACE}.Debug|ARM.ActiveCfg = Debug|ARM
		{AAA4143A-79FC-455A-9A58-D240CD51DACE}.Debug|ARM.Build.0 = Debug|ARM
		{AAA4143A-79FC-455A-9A58-D240CD51DACE}.Debug|ARM.Deploy.0 = Debug|ARM
		{AAA4143A-79FC-455A-9A58-D240CD51DACE}.Debug|x64.ActiveCfg = Debug|x64
		{AAA4143A-79FC-455A-9A58-D240CD51DACE}.Debug|x64.Build.0 = Debug|x64
		{AAA4143A-79FC-455A-9A58-D240CD51DACE}.Debug|x64.Deploy.0 = Debug|x64
		{AAA4143A-79FC-455A-9A58-D240CD51DACE}.Debug|x86.ActiveCfg = Debug|x86
		{AAA4143A-79FC-455A-9A58-D240CD51DACE}.Debug|x86.Build.0 = Debug|x86
		{AAA4143A-79FC-455A-9A58-D240CD51DACE}.Debug|x86.Deploy.0 = Debug|x86
		{AAA4143A-79FC-455A-9A58-D240CD51DACE}.Release|Any CPU.ActiveCfg = Release|Any CPU
		{AAA4143A-79FC-455A-9A58-D240CD51DACE}.Release|Any CPU.Build.0 = Release|Any CPU
		{AAA4143A-79FC-455A-9A58-D240CD51DACE}.Release|Any CPU.Deploy.0 = Release|Any CPU
		{AAA4143A-79FC-455A-9A58-D240CD51DACE}.Release|ARM.ActiveCfg = Release|ARM
		{AAA4143A-79FC-455A-9A58-D240CD51DACE}.Release|ARM.Build.0 = Release|ARM
		{AAA4143A-79FC-455A-9A58-D240CD51DACE}.Release|ARM.Deploy.0 = Release|ARM
		{AAA4143A-79FC-455A-9A58-D240CD51DACE}.Release|x64.ActiveCfg = Release|x64
		{AAA4143A-79FC-455A-9A58-D240CD51DACE}.Release|x64.Build.0 = Release|x64
		{AAA4143A-79FC-455A-9A58-D240CD51DACE}.Release|x64.Deploy.0 = Release|x64
		{AAA4143A-79FC-455A-9A58-D240CD51DACE}.Release|x86.ActiveCfg = Release|x86
		{AAA4143A-79FC-455A-9A58-D240CD51DACE}.Release|x86.Build.0 = Release|x86
		{AAA4143A-79FC-455A-9A58-D240CD51DACE}.Release|x86.Deploy.0 = Release|x86
	EndGlobalSection
	GlobalSection(SolutionProperties) = preSolution
		HideSolutionNode = FALSE
	EndGlobalSection
EndGlobal
